
Microsoft Visual Studio Solution File, Format Version 12.00
# Visual Studio 15
VisualStudioVersion = 15.0.26228.4
MinimumVisualStudioVersion = 10.0.40219.1
Project("{2150E333-8FDC-42A3-9474-1A3956D46DE8}") = "src", "src", "{AE85EB00-0646-4796-A7C7-93EBF06FA66C}"
EndProject
Project("{9A19103F-16F7-4668-BE54-9A1E7A4F7556}") = "Strathweb.TypedRouting.AspNetCore", "src\Strathweb.TypedRouting.AspNetCore\Strathweb.TypedRouting.AspNetCore.csproj", "{D2234F89-1547-4038-AABD-1BFDC5E784F8}"
EndProject
Project("{9A19103F-16F7-4668-BE54-9A1E7A4F7556}") = "Demo", "sample\Demo\Demo.csproj", "{6AEBA69E-BFC3-46F2-91C6-50C718FE70D4}"
EndProject
Global
	GlobalSection(SolutionConfigurationPlatforms) = preSolution
		Debug|Any CPU = Debug|Any CPU
		Release|Any CPU = Release|Any CPU
	EndGlobalSection
	GlobalSection(ProjectConfigurationPlatforms) = postSolution
		{D2234F89-1547-4038-AABD-1BFDC5E784F8}.Debug|Any CPU.ActiveCfg = Debug|Any CPU
		{D2234F89-1547-4038-AABD-1BFDC5E784F8}.Debug|Any CPU.Build.0 = Debug|Any CPU
		{D2234F89-1547-4038-AABD-1BFDC5E784F8}.Release|Any CPU.ActiveCfg = Release|Any CPU
		{D2234F89-1547-4038-AABD-1BFDC5E784F8}.Release|Any CPU.Build.0 = Release|Any CPU
		{6AEBA69E-BFC3-46F2-91C6-50C718FE70D4}.Debug|Any CPU.ActiveCfg = Debug|Any CPU
		{6AEBA69E-BFC3-46F2-91C6-50C718FE70D4}.Debug|Any CPU.Build.0 = Debug|Any CPU
		{6AEBA69E-BFC3-46F2-91C6-50C718FE70D4}.Release|Any CPU.ActiveCfg = Release|Any CPU
		{6AEBA69E-BFC3-46F2-91C6-50C718FE70D4}.Release|Any CPU.Build.0 = Release|Any CPU
	EndGlobalSection
	GlobalSection(SolutionProperties) = preSolution
		HideSolutionNode = FALSE
	EndGlobalSection
	GlobalSection(NestedProjects) = preSolution
		{D2234F89-1547-4038-AABD-1BFDC5E784F8} = {AE85EB00-0646-4796-A7C7-93EBF06FA66C}
		{6AEBA69E-BFC3-46F2-91C6-50C718FE70D4} = {AE85EB00-0646-4796-A7C7-93EBF06FA66C}
	EndGlobalSection
EndGlobal
