
Microsoft Visual Studio Solution File, Format Version 12.00
# Visual Studio 14
VisualStudioVersion = 14.0.25123.0
MinimumVisualStudioVersion = 10.0.40219.1
Project("{2150E333-8FDC-42A3-9474-1A3956D46DE8}") = "src", "src", "{AE85EB00-0646-4796-A7C7-93EBF06FA66C}"
EndProject
Project("{2150E333-8FDC-42A3-9474-1A3956D46DE8}") = "Solution Items", "Solution Items", "{CD551D5F-82BE-4CDC-BCAA-CD746FEADD0E}"
	ProjectSection(SolutionItems) = preProject
		global.json = global.json
	EndProjectSection
EndProject
Project("{8BB2217D-0F2D-49D1-97BC-3654ED321F3B}") = "Strathweb.TypedRouting.AspNetCore", "src\Strathweb.TypedRouting.AspNetCore\Strathweb.TypedRouting.AspNetCore.xproj", "{D2234F89-1547-4038-AABD-1BFDC5E784F8}"
EndProject
Global
	GlobalSection(SolutionConfigurationPlatforms) = preSolution
		Debug|Any CPU = Debug|Any CPU
		Release|Any CPU = Release|Any CPU
	EndGlobalSection
	GlobalSection(ProjectConfigurationPlatforms) = postSolution
		{D2234F89-1547-4038-AABD-1BFDC5E784F8}.Debug|Any CPU.ActiveCfg = Debug|Any CPU
		{D2234F89-1547-4038-AABD-1BFDC5E784F8}.Debug|Any CPU.Build.0 = Debug|Any CPU
		{D2234F89-1547-4038-AABD-1BFDC5E784F8}.Release|Any CPU.ActiveCfg = Release|Any CPU
		{D2234F89-1547-4038-AABD-1BFDC5E784F8}.Release|Any CPU.Build.0 = Release|Any CPU
	EndGlobalSection
	GlobalSection(SolutionProperties) = preSolution
		HideSolutionNode = FALSE
	EndGlobalSection
	GlobalSection(NestedProjects) = preSolution
		{D2234F89-1547-4038-AABD-1BFDC5E784F8} = {AE85EB00-0646-4796-A7C7-93EBF06FA66C}
	EndGlobalSection
EndGlobal
